
Microsoft Visual Studio Solution File, Format Version 12.00
# Visual Studio 15
VisualStudioVersion = 15.0.28307.757
MinimumVisualStudioVersion = 10.0.40219.1
Project("{FAE04EC0-301F-11D3-BF4B-00C04F79EFBC}") = "ExerciciosCarros", "ExerciciosCarros\ExerciciosCarros.csproj", "{2A518874-7535-4F52-835B-11FC41AA136F}"
EndProject
Global
	GlobalSection(SolutionConfigurationPlatforms) = preSolution
		Debug|Any CPU = Debug|Any CPU
		Release|Any CPU = Release|Any CPU
	EndGlobalSection
	GlobalSection(ProjectConfigurationPlatforms) = postSolution
		{2A518874-7535-4F52-835B-11FC41AA136F}.Debug|Any CPU.ActiveCfg = Debug|Any CPU
		{2A518874-7535-4F52-835B-11FC41AA136F}.Debug|Any CPU.Build.0 = Debug|Any CPU
		{2A518874-7535-4F52-835B-11FC41AA136F}.Release|Any CPU.ActiveCfg = Release|Any CPU
		{2A518874-7535-4F52-835B-11FC41AA136F}.Release|Any CPU.Build.0 = Release|Any CPU
	EndGlobalSection
	GlobalSection(SolutionProperties) = preSolution
		HideSolutionNode = FALSE
	EndGlobalSection
	GlobalSection(ExtensibilityGlobals) = postSolution
		SolutionGuid = {22AD4D4C-0138-4801-BA5A-F5BB7D2F964F}
	EndGlobalSection
EndGlobal
