
Microsoft Visual Studio Solution File, Format Version 12.00
# Visual Studio 15
VisualStudioVersion = 15.0.28307.757
MinimumVisualStudioVersion = 10.0.40219.1
Project("{FAE04EC0-301F-11D3-BF4B-00C04F79EFBC}") = "Exerciciotratamentodeexcessao", "Exerciciotratamentodeexcessao\Exerciciotratamentodeexcessao.csproj", "{9D2B8776-DF57-445E-9558-1E24C9546627}"
EndProject
Global
	GlobalSection(SolutionConfigurationPlatforms) = preSolution
		Debug|Any CPU = Debug|Any CPU
		Release|Any CPU = Release|Any CPU
	EndGlobalSection
	GlobalSection(ProjectConfigurationPlatforms) = postSolution
		{9D2B8776-DF57-445E-9558-1E24C9546627}.Debug|Any CPU.ActiveCfg = Debug|Any CPU
		{9D2B8776-DF57-445E-9558-1E24C9546627}.Debug|Any CPU.Build.0 = Debug|Any CPU
		{9D2B8776-DF57-445E-9558-1E24C9546627}.Release|Any CPU.ActiveCfg = Release|Any CPU
		{9D2B8776-DF57-445E-9558-1E24C9546627}.Release|Any CPU.Build.0 = Release|Any CPU
	EndGlobalSection
	GlobalSection(SolutionProperties) = preSolution
		HideSolutionNode = FALSE
	EndGlobalSection
	GlobalSection(ExtensibilityGlobals) = postSolution
		SolutionGuid = {AC2558B9-7CD1-403E-9599-814496763112}
	EndGlobalSection
EndGlobal
